
Microsoft Visual Studio Solution File, Format Version 12.00
# Visual Studio 14
VisualStudioVersion = 14.0.24720.0
MinimumVisualStudioVersion = 10.0.40219.1
Project("{FAE04EC0-301F-11D3-BF4B-00C04F79EFBC}") = "FeedRefresher.Main", "FeedRefresher.Main\FeedRefresher.Main.csproj", "{F2405001-C24F-4568-B771-42E04619F8A9}"
EndProject
Project("{FAE04EC0-301F-11D3-BF4B-00C04F79EFBC}") = "FeedRefresher.Core", "FeedRefresher.Core\FeedRefresher.Core.csproj", "{2FE8967E-D366-41E0-8F70-89D54DD8F0A7}"
EndProject
Project("{FAE04EC0-301F-11D3-BF4B-00C04F79EFBC}") = "FeedRefresher.Core.Tests", "FeedRefresher.Core.Tests\FeedRefresher.Core.Tests.csproj", "{C78E6FEE-EBCA-4B14-8349-F9C0A3CF1374}"
EndProject
Project("{FAE04EC0-301F-11D3-BF4B-00C04F79EFBC}") = "FeedRefresher.Feeds", "FeedRefresher.Feeds\FeedRefresher.Feeds.csproj", "{3BD000E2-F8BB-4655-AAFF-F29788E7D532}"
EndProject
Project("{2150E333-8FDC-42A3-9474-1A3956D46DE8}") = "Tests", "Tests", "{819AD323-2EE3-4638-9434-C1F60B4E32B4}"
EndProject
Project("{FAE04EC0-301F-11D3-BF4B-00C04F79EFBC}") = "FeedRefresher.Playlists", "FeedRefresher.Playlists\FeedRefresher.Playlists.csproj", "{EFF947FC-7B5E-41BA-8B4F-63E100A5EE0E}"
EndProject
Global
	GlobalSection(SolutionConfigurationPlatforms) = preSolution
		Debug|Any CPU = Debug|Any CPU
		Release|Any CPU = Release|Any CPU
	EndGlobalSection
	GlobalSection(ProjectConfigurationPlatforms) = postSolution
		{F2405001-C24F-4568-B771-42E04619F8A9}.Debug|Any CPU.ActiveCfg = Debug|Any CPU
		{F2405001-C24F-4568-B771-42E04619F8A9}.Debug|Any CPU.Build.0 = Debug|Any CPU
		{F2405001-C24F-4568-B771-42E04619F8A9}.Release|Any CPU.ActiveCfg = Release|Any CPU
		{F2405001-C24F-4568-B771-42E04619F8A9}.Release|Any CPU.Build.0 = Release|Any CPU
		{2FE8967E-D366-41E0-8F70-89D54DD8F0A7}.Debug|Any CPU.ActiveCfg = Debug|Any CPU
		{2FE8967E-D366-41E0-8F70-89D54DD8F0A7}.Debug|Any CPU.Build.0 = Debug|Any CPU
		{2FE8967E-D366-41E0-8F70-89D54DD8F0A7}.Release|Any CPU.ActiveCfg = Release|Any CPU
		{2FE8967E-D366-41E0-8F70-89D54DD8F0A7}.Release|Any CPU.Build.0 = Release|Any CPU
		{C78E6FEE-EBCA-4B14-8349-F9C0A3CF1374}.Debug|Any CPU.ActiveCfg = Debug|Any CPU
		{C78E6FEE-EBCA-4B14-8349-F9C0A3CF1374}.Debug|Any CPU.Build.0 = Debug|Any CPU
		{C78E6FEE-EBCA-4B14-8349-F9C0A3CF1374}.Release|Any CPU.ActiveCfg = Release|Any CPU
		{C78E6FEE-EBCA-4B14-8349-F9C0A3CF1374}.Release|Any CPU.Build.0 = Release|Any CPU
		{3BD000E2-F8BB-4655-AAFF-F29788E7D532}.Debug|Any CPU.ActiveCfg = Debug|Any CPU
		{3BD000E2-F8BB-4655-AAFF-F29788E7D532}.Debug|Any CPU.Build.0 = Debug|Any CPU
		{3BD000E2-F8BB-4655-AAFF-F29788E7D532}.Release|Any CPU.ActiveCfg = Release|Any CPU
		{3BD000E2-F8BB-4655-AAFF-F29788E7D532}.Release|Any CPU.Build.0 = Release|Any CPU
		{EFF947FC-7B5E-41BA-8B4F-63E100A5EE0E}.Debug|Any CPU.ActiveCfg = Debug|Any CPU
		{EFF947FC-7B5E-41BA-8B4F-63E100A5EE0E}.Debug|Any CPU.Build.0 = Debug|Any CPU
		{EFF947FC-7B5E-41BA-8B4F-63E100A5EE0E}.Release|Any CPU.ActiveCfg = Release|Any CPU
		{EFF947FC-7B5E-41BA-8B4F-63E100A5EE0E}.Release|Any CPU.Build.0 = Release|Any CPU
	EndGlobalSection
	GlobalSection(SolutionProperties) = preSolution
		HideSolutionNode = FALSE
	EndGlobalSection
	GlobalSection(NestedProjects) = preSolution
		{C78E6FEE-EBCA-4B14-8349-F9C0A3CF1374} = {819AD323-2EE3-4638-9434-C1F60B4E32B4}
	EndGlobalSection
EndGlobal
